
Microsoft Visual Studio Solution File, Format Version 12.00
# Visual Studio Version 17
VisualStudioVersion = 17.5.33502.453
MinimumVisualStudioVersion = 10.0.40219.1
Project("{FAE04EC0-301F-11D3-BF4B-00C04F79EFBC}") = "oopprojectfinal", "oopprojectfinal\oopprojectfinal.csproj", "{2AF33E8E-1B75-470A-A95A-38BAE92A7997}"
EndProject
Global
	GlobalSection(SolutionConfigurationPlatforms) = preSolution
		Debug|Any CPU = Debug|Any CPU
		Release|Any CPU = Release|Any CPU
	EndGlobalSection
	GlobalSection(ProjectConfigurationPlatforms) = postSolution
		{2AF33E8E-1B75-470A-A95A-38BAE92A7997}.Debug|Any CPU.ActiveCfg = Debug|Any CPU
		{2AF33E8E-1B75-470A-A95A-38BAE92A7997}.Debug|Any CPU.Build.0 = Debug|Any CPU
		{2AF33E8E-1B75-470A-A95A-38BAE92A7997}.Release|Any CPU.ActiveCfg = Release|Any CPU
		{2AF33E8E-1B75-470A-A95A-38BAE92A7997}.Release|Any CPU.Build.0 = Release|Any CPU
	EndGlobalSection
	GlobalSection(SolutionProperties) = preSolution
		HideSolutionNode = FALSE
	EndGlobalSection
	GlobalSection(ExtensibilityGlobals) = postSolution
		SolutionGuid = {1EB77557-376F-4580-A570-0FFD67171B23}
	EndGlobalSection
EndGlobal
